
Microsoft Visual Studio Solution File, Format Version 12.00
# Visual Studio 15
VisualStudioVersion = 15.0.26430.16
MinimumVisualStudioVersion = 10.0.40219.1
Project("{FAE04EC0-301F-11D3-BF4B-00C04F79EFBC}") = "Interface", "Interface\Interface.csproj", "{5C5591AA-1F57-4FDC-91B2-4B1B84135DE1}"
EndProject
Project("{FAE04EC0-301F-11D3-BF4B-00C04F79EFBC}") = "Heuristics", "HeuristicsBase\Heuristics.csproj", "{2AA97273-3517-4BD8-8C15-1B75469F4972}"
EndProject
Global
	GlobalSection(SolutionConfigurationPlatforms) = preSolution
		Debug|Any CPU = Debug|Any CPU
		Release|Any CPU = Release|Any CPU
	EndGlobalSection
	GlobalSection(ProjectConfigurationPlatforms) = postSolution
		{5C5591AA-1F57-4FDC-91B2-4B1B84135DE1}.Debug|Any CPU.ActiveCfg = Debug|Any CPU
		{5C5591AA-1F57-4FDC-91B2-4B1B84135DE1}.Debug|Any CPU.Build.0 = Debug|Any CPU
		{5C5591AA-1F57-4FDC-91B2-4B1B84135DE1}.Release|Any CPU.ActiveCfg = Release|Any CPU
		{5C5591AA-1F57-4FDC-91B2-4B1B84135DE1}.Release|Any CPU.Build.0 = Release|Any CPU
		{2AA97273-3517-4BD8-8C15-1B75469F4972}.Debug|Any CPU.ActiveCfg = Debug|Any CPU
		{2AA97273-3517-4BD8-8C15-1B75469F4972}.Debug|Any CPU.Build.0 = Debug|Any CPU
		{2AA97273-3517-4BD8-8C15-1B75469F4972}.Release|Any CPU.ActiveCfg = Release|Any CPU
		{2AA97273-3517-4BD8-8C15-1B75469F4972}.Release|Any CPU.Build.0 = Release|Any CPU
	EndGlobalSection
	GlobalSection(SolutionProperties) = preSolution
		HideSolutionNode = FALSE
	EndGlobalSection
	GlobalSection(ExtensibilityGlobals) = postSolution
		SolutionGuid = {206B585A-54FC-46A6-A5C6-AB6526B8BF07}
	EndGlobalSection
EndGlobal
